// !$*UTF8*$!
{
	archiveVersion = 1;
	classes = {
	};
	objectVersion = 56;
	objects = {

/* Begin PBXBuildFile section */
		FD77F8F12A839DA00028022F /* AppDelegate.swift in Sources */ = {isa = PBXBuildFile; fileRef = FD77F8F02A839DA00028022F /* AppDelegate.swift */; };
		FD77F8F32A839DA00028022F /* SceneDelegate.swift in Sources */ = {isa = PBXBuildFile; fileRef = FD77F8F22A839DA00028022F /* SceneDelegate.swift */; };
		FD77F8FA2A839DA10028022F /* Assets.xcassets in Resources */ = {isa = PBXBuildFile; fileRef = FD77F8F92A839DA10028022F /* Assets.xcassets */; };
		FD77F9072A83A3260028022F /* HomeVC.swift in Sources */ = {isa = PBXBuildFile; fileRef = FD77F9062A83A3260028022F /* HomeVC.swift */; };
		FD77F9092A83A34B0028022F /* HomeViewModel.swift in Sources */ = {isa = PBXBuildFile; fileRef = FD77F9082A83A34B0028022F /* HomeViewModel.swift */; };
		FD77F90B2A83A42C0028022F /* Home.storyboard in Resources */ = {isa = PBXBuildFile; fileRef = FD77F90A2A83A42C0028022F /* Home.storyboard */; };
		FD77F90E2A83ADB80028022F /* start.txt in Resources */ = {isa = PBXBuildFile; fileRef = FD77F90D2A83ADB80028022F /* start.txt */; };
		FD77F9122A83B3860028022F /* WordCell.swift in Sources */ = {isa = PBXBuildFile; fileRef = FD77F9112A83B3860028022F /* WordCell.swift */; };
		FD77F9152A83B8910028022F /* NavigationController.swift in Sources */ = {isa = PBXBuildFile; fileRef = FD77F9142A83B8910028022F /* NavigationController.swift */; };
/* End PBXBuildFile section */

/* Begin PBXFileReference section */
		FD77F8ED2A839DA00028022F /* WorldScramble-HackingWithSwift.app */ = {isa = PBXFileReference; explicitFileType = wrapper.application; includeInIndex = 0; path = "WorldScramble-HackingWithSwift.app"; sourceTree = BUILT_PRODUCTS_DIR; };
		FD77F8F02A839DA00028022F /* AppDelegate.swift */ = {isa = PBXFileReference; lastKnownFileType = sourcecode.swift; path = AppDelegate.swift; sourceTree = "<group>"; };
		FD77F8F22A839DA00028022F /* SceneDelegate.swift */ = {isa = PBXFileReference; lastKnownFileType = sourcecode.swift; path = SceneDelegate.swift; sourceTree = "<group>"; };
		FD77F8F92A839DA10028022F /* Assets.xcassets */ = {isa = PBXFileReference; lastKnownFileType = folder.assetcatalog; path = Assets.xcassets; sourceTree = "<group>"; };
		FD77F8FE2A839DA10028022F /* Info.plist */ = {isa = PBXFileReference; lastKnownFileType = text.plist.xml; path = Info.plist; sourceTree = "<group>"; };
		FD77F9062A83A3260028022F /* HomeVC.swift */ = {isa = PBXFileReference; lastKnownFileType = sourcecode.swift; path = HomeVC.swift; sourceTree = "<group>"; };
		FD77F9082A83A34B0028022F /* HomeViewModel.swift */ = {isa = PBXFileReference; lastKnownFileType = sourcecode.swift; path = HomeViewModel.swift; sourceTree = "<group>"; };
		FD77F90A2A83A42C0028022F /* Home.storyboard */ = {isa = PBXFileReference; lastKnownFileType = file.storyboard; path = Home.storyboard; sourceTree = "<group>"; };
		FD77F90D2A83ADB80028022F /* start.txt */ = {isa = PBXFileReference; fileEncoding = 4; lastKnownFileType = text; path = start.txt; sourceTree = "<group>"; };
		FD77F9112A83B3860028022F /* WordCell.swift */ = {isa = PBXFileReference; lastKnownFileType = sourcecode.swift; path = WordCell.swift; sourceTree = "<group>"; };
		FD77F9142A83B8910028022F /* NavigationController.swift */ = {isa = PBXFileReference; lastKnownFileType = sourcecode.swift; path = NavigationController.swift; sourceTree = "<group>"; };
/* End PBXFileReference section */

/* Begin PBXFrameworksBuildPhase section */
		FD77F8EA2A839DA00028022F /* Frameworks */ = {
			isa = PBXFrameworksBuildPhase;
			buildActionMask = 2147483647;
			files = (
			);
			runOnlyForDeploymentPostprocessing = 0;
		};
/* End PBXFrameworksBuildPhase section */

/* Begin PBXGroup section */
		FD77F8E42A839DA00028022F = {
			isa = PBXGroup;
			children = (
				FD77F8EF2A839DA00028022F /* WorldScramble-HackingWithSwift */,
				FD77F8EE2A839DA00028022F /* Products */,
			);
			sourceTree = "<group>";
		};
		FD77F8EE2A839DA00028022F /* Products */ = {
			isa = PBXGroup;
			children = (
				FD77F8ED2A839DA00028022F /* WorldScramble-HackingWithSwift.app */,
			);
			name = Products;
			sourceTree = "<group>";
		};
		FD77F8EF2A839DA00028022F /* WorldScramble-HackingWithSwift */ = {
			isa = PBXGroup;
			children = (
				FD77F9132A83B8640028022F /* NavigationController */,
				FD77F9042A83A2EA0028022F /* HomeVC */,
				FD77F8F02A839DA00028022F /* AppDelegate.swift */,
				FD77F8F22A839DA00028022F /* SceneDelegate.swift */,
				FD77F8F92A839DA10028022F /* Assets.xcassets */,
				FD77F8FE2A839DA10028022F /* Info.plist */,
				FD77F90D2A83ADB80028022F /* start.txt */,
			);
			path = "WorldScramble-HackingWithSwift";
			sourceTree = "<group>";
		};
		FD77F9042A83A2EA0028022F /* HomeVC */ = {
			isa = PBXGroup;
			children = (
				FD77F90C2A83AB790028022F /* HomeCell */,
				FD77F9062A83A3260028022F /* HomeVC.swift */,
				FD77F9082A83A34B0028022F /* HomeViewModel.swift */,
				FD77F90A2A83A42C0028022F /* Home.storyboard */,
			);
			path = HomeVC;
			sourceTree = "<group>";
		};
		FD77F90C2A83AB790028022F /* HomeCell */ = {
			isa = PBXGroup;
			children = (
				FD77F9112A83B3860028022F /* WordCell.swift */,
			);
			path = HomeCell;
			sourceTree = "<group>";
		};
		FD77F9132A83B8640028022F /* NavigationController */ = {
			isa = PBXGroup;
			children = (
				FD77F9142A83B8910028022F /* NavigationController.swift */,
			);
			path = NavigationController;
			sourceTree = "<group>";
		};
/* End PBXGroup section */

/* Begin PBXNativeTarget section */
		FD77F8EC2A839DA00028022F /* WorldScramble-HackingWithSwift */ = {
			isa = PBXNativeTarget;
			buildConfigurationList = FD77F9012A839DA10028022F /* Build configuration list for PBXNativeTarget "WorldScramble-HackingWithSwift" */;
			buildPhases = (
				FD77F8E92A839DA00028022F /* Sources */,
				FD77F8EA2A839DA00028022F /* Frameworks */,
				FD77F8EB2A839DA00028022F /* Resources */,
			);
			buildRules = (
			);
			dependencies = (
			);
			name = "WorldScramble-HackingWithSwift";
			productName = "WorldScramble-HackingWithSwift";
			productReference = FD77F8ED2A839DA00028022F /* WorldScramble-HackingWithSwift.app */;
			productType = "com.apple.product-type.application";
		};
/* End PBXNativeTarget section */

/* Begin PBXProject section */
		FD77F8E52A839DA00028022F /* Project object */ = {
			isa = PBXProject;
			attributes = {
				BuildIndependentTargetsInParallel = 1;
				LastSwiftUpdateCheck = 1430;
				LastUpgradeCheck = 1430;
				TargetAttributes = {
					FD77F8EC2A839DA00028022F = {
						CreatedOnToolsVersion = 14.3;
					};
				};
			};
			buildConfigurationList = FD77F8E82A839DA00028022F /* Build configuration list for PBXProject "WorldScramble-HackingWithSwift" */;
			compatibilityVersion = "Xcode 14.0";
			developmentRegion = en;
			hasScannedForEncodings = 0;
			knownRegions = (
				en,
				Base,
			);
			mainGroup = FD77F8E42A839DA00028022F;
			productRefGroup = FD77F8EE2A839DA00028022F /* Products */;
			projectDirPath = "";
			projectRoot = "";
			targets = (
				FD77F8EC2A839DA00028022F /* WorldScramble-HackingWithSwift */,
			);
		};
/* End PBXProject section */

/* Begin PBXResourcesBuildPhase section */
		FD77F8EB2A839DA00028022F /* Resources */ = {
			isa = PBXResourcesBuildPhase;
			buildActionMask = 2147483647;
			files = (
				FD77F8FA2A839DA10028022F /* Assets.xcassets in Resources */,
				FD77F90E2A83ADB80028022F /* start.txt in Resources */,
				FD77F90B2A83A42C0028022F /* Home.storyboard in Resources */,
			);
			runOnlyForDeploymentPostprocessing = 0;
		};
/* End PBXResourcesBuildPhase section */

/* Begin PBXSourcesBuildPhase section */
		FD77F8E92A839DA00028022F /* Sources */ = {
			isa = PBXSourcesBuildPhase;
			buildActionMask = 2147483647;
			files = (
				FD77F9072A83A3260028022F /* HomeVC.swift in Sources */,
				FD77F9152A83B8910028022F /* NavigationController.swift in Sources */,
				FD77F8F12A839DA00028022F /* AppDelegate.swift in Sources */,
				FD77F9122A83B3860028022F /* WordCell.swift in Sources */,
				FD77F8F32A839DA00028022F /* SceneDelegate.swift in Sources */,
				FD77F9092A83A34B0028022F /* HomeViewModel.swift in Sources */,
			);
			runOnlyForDeploymentPostprocessing = 0;
		};
/* End PBXSourcesBuildPhase section */

/* Begin XCBuildConfiguration section */
		FD77F8FF2A839DA10028022F /* Debug */ = {
			isa = XCBuildConfiguration;
			buildSettings = {
				ALWAYS_SEARCH_USER_PATHS = NO;
				CLANG_ANALYZER_NONNULL = YES;
				CLANG_ANALYZER_NUMBER_OBJECT_CONVERSION = YES_AGGRESSIVE;
				CLANG_CXX_LANGUAGE_STANDARD = "gnu++20";
				CLANG_ENABLE_MODULES = YES;
				CLANG_ENABLE_OBJC_ARC = YES;
				CLANG_ENABLE_OBJC_WEAK = YES;
				CLANG_WARN_BLOCK_CAPTURE_AUTORELEASING = YES;
				CLANG_WARN_BOOL_CONVERSION = YES;
				CLANG_WARN_COMMA = YES;
				CLANG_WARN_CONSTANT_CONVERSION = YES;
				CLANG_WARN_DEPRECATED_OBJC_IMPLEMENTATIONS = YES;
				CLANG_WARN_DIRECT_OBJC_ISA_USAGE = YES_ERROR;
				CLANG_WARN_DOCUMENTATION_COMMENTS = YES;
				CLANG_WARN_EMPTY_BODY = YES;
				CLANG_WARN_ENUM_CONVERSION = YES;
				CLANG_WARN_INFINITE_RECURSION = YES;
				CLANG_WARN_INT_CONVERSION = YES;
				CLANG_WARN_NON_LITERAL_NULL_CONVERSION = YES;
				CLANG_WARN_OBJC_IMPLICIT_RETAIN_SELF = YES;
				CLANG_WARN_OBJC_LITERAL_CONVERSION = YES;
				CLANG_WARN_OBJC_ROOT_CLASS = YES_ERROR;
				CLANG_WARN_QUOTED_INCLUDE_IN_FRAMEWORK_HEADER = YES;
				CLANG_WARN_RANGE_LOOP_ANALYSIS = YES;
				CLANG_WARN_STRICT_PROTOTYPES = YES;
				CLANG_WARN_SUSPICIOUS_MOVE = YES;
				CLANG_WARN_UNGUARDED_AVAILABILITY = YES_AGGRESSIVE;
				CLANG_WARN_UNREACHABLE_CODE = YES;
				CLANG_WARN__DUPLICATE_METHOD_MATCH = YES;
				COPY_PHASE_STRIP = NO;
				DEBUG_INFORMATION_FORMAT = dwarf;
				ENABLE_STRICT_OBJC_MSGSEND = YES;
				ENABLE_TESTABILITY = YES;
				GCC_C_LANGUAGE_STANDARD = gnu11;
				GCC_DYNAMIC_NO_PIC = NO;
				GCC_NO_COMMON_BLOCKS = YES;
				GCC_OPTIMIZATION_LEVEL = 0;
				GCC_PREPROCESSOR_DEFINITIONS = (
					"DEBUG=1",
					"$(inherited)",
				);
				GCC_WARN_64_TO_32_BIT_CONVERSION = YES;
				GCC_WARN_ABOUT_RETURN_TYPE = YES_ERROR;
				GCC_WARN_UNDECLARED_SELECTOR = YES;
				GCC_WARN_UNINITIALIZED_AUTOS = YES_AGGRESSIVE;
				GCC_WARN_UNUSED_FUNCTION = YES;
				GCC_WARN_UNUSED_VARIABLE = YES;
				IPHONEOS_DEPLOYMENT_TARGET = 16.4;
				MTL_ENABLE_DEBUG_INFO = INCLUDE_SOURCE;
				MTL_FAST_MATH = YES;
				ONLY_ACTIVE_ARCH = YES;
				SDKROOT = iphoneos;
				SWIFT_ACTIVE_COMPILATION_CONDITIONS = DEBUG;
				SWIFT_OPTIMIZATION_LEVEL = "-Onone";
			};
			name = Debug;
		};
		FD77F9002A839DA10028022F /* Release */ = {
			isa = XCBuildConfiguration;
			buildSettings = {
				ALWAYS_SEARCH_USER_PATHS = NO;
				CLANG_ANALYZER_NONNULL = YES;
				CLANG_ANALYZER_NUMBER_OBJECT_CONVERSION = YES_AGGRESSIVE;
				CLANG_CXX_LANGUAGE_STANDARD = "gnu++20";
				CLANG_ENABLE_MODULES = YES;
				CLANG_ENABLE_OBJC_ARC = YES;
				CLANG_ENABLE_OBJC_WEAK = YES;
				CLANG_WARN_BLOCK_CAPTURE_AUTORELEASING = YES;
				CLANG_WARN_BOOL_CONVERSION = YES;
				CLANG_WARN_COMMA = YES;
				CLANG_WARN_CONSTANT_CONVERSION = YES;
				CLANG_WARN_DEPRECATED_OBJC_IMPLEMENTATIONS = YES;
				CLANG_WARN_DIRECT_OBJC_ISA_USAGE = YES_ERROR;
				CLANG_WARN_DOCUMENTATION_COMMENTS = YES;
				CLANG_WARN_EMPTY_BODY = YES;
				CLANG_WARN_ENUM_CONVERSION = YES;
				CLANG_WARN_INFINITE_RECURSION = YES;
				CLANG_WARN_INT_CONVERSION = YES;
				CLANG_WARN_NON_LITERAL_NULL_CONVERSION = YES;
				CLANG_WARN_OBJC_IMPLICIT_RETAIN_SELF = YES;
				CLANG_WARN_OBJC_LITERAL_CONVERSION = YES;
				CLANG_WARN_OBJC_ROOT_CLASS = YES_ERROR;
				CLANG_WARN_QUOTED_INCLUDE_IN_FRAMEWORK_HEADER = YES;
				CLANG_WARN_RANGE_LOOP_ANALYSIS = YES;
				CLANG_WARN_STRICT_PROTOTYPES = YES;
				CLANG_WARN_SUSPICIOUS_MOVE = YES;
				CLANG_WARN_UNGUARDED_AVAILABILITY = YES_AGGRESSIVE;
				CLANG_WARN_UNREACHABLE_CODE = YES;
				CLANG_WARN__DUPLICATE_METHOD_MATCH = YES;
				COPY_PHASE_STRIP = NO;
				DEBUG_INFORMATION_FORMAT = "dwarf-with-dsym";
				ENABLE_NS_ASSERTIONS = NO;
				ENABLE_STRICT_OBJC_MSGSEND = YES;
				GCC_C_LANGUAGE_STANDARD = gnu11;
				GCC_NO_COMMON_BLOCKS = YES;
				GCC_WARN_64_TO_32_BIT_CONVERSION = YES;
				GCC_WARN_ABOUT_RETURN_TYPE = YES_ERROR;
				GCC_WARN_UNDECLARED_SELECTOR = YES;
				GCC_WARN_UNINITIALIZED_AUTOS = YES_AGGRESSIVE;
				GCC_WARN_UNUSED_FUNCTION = YES;
				GCC_WARN_UNUSED_VARIABLE = YES;
				IPHONEOS_DEPLOYMENT_TARGET = 16.4;
				MTL_ENABLE_DEBUG_INFO = NO;
				MTL_FAST_MATH = YES;
				SDKROOT = iphoneos;
				SWIFT_COMPILATION_MODE = wholemodule;
				SWIFT_OPTIMIZATION_LEVEL = "-O";
				VALIDATE_PRODUCT = YES;
			};
			name = Release;
		};
		FD77F9022A839DA10028022F /* Debug */ = {
			isa = XCBuildConfiguration;
			buildSettings = {
				ASSETCATALOG_COMPILER_APPICON_NAME = AppIcon;
				ASSETCATALOG_COMPILER_GLOBAL_ACCENT_COLOR_NAME = AccentColor;
				CODE_SIGN_STYLE = Automatic;
				CURRENT_PROJECT_VERSION = 1;
				DEVELOPMENT_TEAM = JHL6MZS5FG;
				GENERATE_INFOPLIST_FILE = YES;
				INFOPLIST_FILE = "WorldScramble-HackingWithSwift/Info.plist";
				INFOPLIST_KEY_UIApplicationSupportsIndirectInputEvents = YES;
				INFOPLIST_KEY_UILaunchStoryboardName = LaunchScreen;
				INFOPLIST_KEY_UISupportedInterfaceOrientations_iPad = "UIInterfaceOrientationPortrait UIInterfaceOrientationPortraitUpsideDown UIInterfaceOrientationLandscapeLeft UIInterfaceOrientationLandscapeRight";
				INFOPLIST_KEY_UISupportedInterfaceOrientations_iPhone = "UIInterfaceOrientationPortrait UIInterfaceOrientationLandscapeLeft UIInterfaceOrientationLandscapeRight";
				LD_RUNPATH_SEARCH_PATHS = (
					"$(inherited)",
					"@executable_path/Frameworks",
				);
				MARKETING_VERSION = 1.0;
				PRODUCT_BUNDLE_IDENTIFIER = "mert.WorldScramble-HackingWithSwift";
				PRODUCT_NAME = "$(TARGET_NAME)";
				SWIFT_EMIT_LOC_STRINGS = YES;
				SWIFT_VERSION = 5.0;
				TARGETED_DEVICE_FAMILY = "1,2";
			};
			name = Debug;
		};
		FD77F9032A839DA10028022F /* Release */ = {
			isa = XCBuildConfiguration;
			buildSettings = {
				ASSETCATALOG_COMPILER_APPICON_NAME = AppIcon;
				ASSETCATALOG_COMPILER_GLOBAL_ACCENT_COLOR_NAME = AccentColor;
				CODE_SIGN_STYLE = Automatic;
				CURRENT_PROJECT_VERSION = 1;
				DEVELOPMENT_TEAM = JHL6MZS5FG;
				GENERATE_INFOPLIST_FILE = YES;
				INFOPLIST_FILE = "WorldScramble-HackingWithSwift/Info.plist";
				INFOPLIST_KEY_UIApplicationSupportsIndirectInputEvents = YES;
				INFOPLIST_KEY_UILaunchStoryboardName = LaunchScreen;
				INFOPLIST_KEY_UISupportedInterfaceOrientations_iPad = "UIInterfaceOrientationPortrait UIInterfaceOrientationPortraitUpsideDown UIInterfaceOrientationLandscapeLeft UIInterfaceOrientationLandscapeRight";
				INFOPLIST_KEY_UISupportedInterfaceOrientations_iPhone = "UIInterfaceOrientationPortrait UIInterfaceOrientationLandscapeLeft UIInterfaceOrientationLandscapeRight";
				LD_RUNPATH_SEARCH_PATHS = (
					"$(inherited)",
					"@executable_path/Frameworks",
				);
				MARKETING_VERSION = 1.0;
				PRODUCT_BUNDLE_IDENTIFIER = "mert.WorldScramble-HackingWithSwift";
				PRODUCT_NAME = "$(TARGET_NAME)";
				SWIFT_EMIT_LOC_STRINGS = YES;
				SWIFT_VERSION = 5.0;
				TARGETED_DEVICE_FAMILY = "1,2";
			};
			name = Release;
		};
/* End XCBuildConfiguration section */

/* Begin XCConfigurationList section */
		FD77F8E82A839DA00028022F /* Build configuration list for PBXProject "WorldScramble-HackingWithSwift" */ = {
			isa = XCConfigurationList;
			buildConfigurations = (
				FD77F8FF2A839DA10028022F /* Debug */,
				FD77F9002A839DA10028022F /* Release */,
			);
			defaultConfigurationIsVisible = 0;
			defaultConfigurationName = Release;
		};
		FD77F9012A839DA10028022F /* Build configuration list for PBXNativeTarget "WorldScramble-HackingWithSwift" */ = {
			isa = XCConfigurationList;
			buildConfigurations = (
				FD77F9022A839DA10028022F /* Debug */,
				FD77F9032A839DA10028022F /* Release */,
			);
			defaultConfigurationIsVisible = 0;
			defaultConfigurationName = Release;
		};
/* End XCConfigurationList section */
	};
	rootObject = FD77F8E52A839DA00028022F /* Project object */;
}
